
Microsoft Visual Studio Solution File, Format Version 12.00
# Visual Studio 15
VisualStudioVersion = 15.0.28307.1738
MinimumVisualStudioVersion = 10.0.40219.1
Project("{8BC9CEB8-8B4A-11D0-8D11-00A0C91BC942}") = "template", "..\cpp\template\template.vcxproj", "{700D853E-716C-4016-B662-00A6FBD8ECC0}"
EndProject
Global
	GlobalSection(SolutionConfigurationPlatforms) = preSolution
		Debug|x64 = Debug|x64
		Debug|x86 = Debug|x86
		Release|x64 = Release|x64
		Release|x86 = Release|x86
	EndGlobalSection
	GlobalSection(ProjectConfigurationPlatforms) = postSolution
		{700D853E-716C-4016-B662-00A6FBD8ECC0}.Debug|x64.ActiveCfg = Debug|x64
		{700D853E-716C-4016-B662-00A6FBD8ECC0}.Debug|x64.Build.0 = Debug|x64
		{700D853E-716C-4016-B662-00A6FBD8ECC0}.Debug|x86.ActiveCfg = Debug|Win32
		{700D853E-716C-4016-B662-00A6FBD8ECC0}.Debug|x86.Build.0 = Debug|Win32
		{700D853E-716C-4016-B662-00A6FBD8ECC0}.Release|x64.ActiveCfg = Release|x64
		{700D853E-716C-4016-B662-00A6FBD8ECC0}.Release|x64.Build.0 = Release|x64
		{700D853E-716C-4016-B662-00A6FBD8ECC0}.Release|x86.ActiveCfg = Release|Win32
		{700D853E-716C-4016-B662-00A6FBD8ECC0}.Release|x86.Build.0 = Release|Win32
	EndGlobalSection
	GlobalSection(SolutionProperties) = preSolution
		HideSolutionNode = FALSE
	EndGlobalSection
	GlobalSection(ExtensibilityGlobals) = postSolution
		SolutionGuid = {CB746540-2339-4741-8F80-E9F78FC4C4D2}
	EndGlobalSection
EndGlobal
